
Microsoft Visual Studio Solution File, Format Version 12.00
# Visual Studio Version 17
VisualStudioVersion = 17.4.33205.214
MinimumVisualStudioVersion = 10.0.40219.1
Project("{FAE04EC0-301F-11D3-BF4B-00C04F79EFBC}") = "PetShop_Lista", "PetShop_Lista\PetShop_Lista.csproj", "{06FF5806-1C9C-4DBE-A540-102D99E98889}"
EndProject
Project("{FAE04EC0-301F-11D3-BF4B-00C04F79EFBC}") = "PetShop_Arquivo", "PetShop_Arquivo\PetShop_Arquivo.csproj", "{C3503619-1CDD-4617-A2BB-A7FFCFACA123}"
EndProject
Project("{9A19103F-16F7-4668-BE54-9A1E7A4F7556}") = "Utilitarios", "..\01_Exercicios\Utilitarios\Utilitarios.csproj", "{B1120742-0666-4982-9360-55A15F01DEE2}"
EndProject
Global
	GlobalSection(SolutionConfigurationPlatforms) = preSolution
		Debug|Any CPU = Debug|Any CPU
		Release|Any CPU = Release|Any CPU
	EndGlobalSection
	GlobalSection(ProjectConfigurationPlatforms) = postSolution
		{06FF5806-1C9C-4DBE-A540-102D99E98889}.Debug|Any CPU.ActiveCfg = Debug|Any CPU
		{06FF5806-1C9C-4DBE-A540-102D99E98889}.Debug|Any CPU.Build.0 = Debug|Any CPU
		{06FF5806-1C9C-4DBE-A540-102D99E98889}.Release|Any CPU.ActiveCfg = Release|Any CPU
		{06FF5806-1C9C-4DBE-A540-102D99E98889}.Release|Any CPU.Build.0 = Release|Any CPU
		{C3503619-1CDD-4617-A2BB-A7FFCFACA123}.Debug|Any CPU.ActiveCfg = Debug|Any CPU
		{C3503619-1CDD-4617-A2BB-A7FFCFACA123}.Debug|Any CPU.Build.0 = Debug|Any CPU
		{C3503619-1CDD-4617-A2BB-A7FFCFACA123}.Release|Any CPU.ActiveCfg = Release|Any CPU
		{C3503619-1CDD-4617-A2BB-A7FFCFACA123}.Release|Any CPU.Build.0 = Release|Any CPU
		{B1120742-0666-4982-9360-55A15F01DEE2}.Debug|Any CPU.ActiveCfg = Debug|Any CPU
		{B1120742-0666-4982-9360-55A15F01DEE2}.Debug|Any CPU.Build.0 = Debug|Any CPU
		{B1120742-0666-4982-9360-55A15F01DEE2}.Release|Any CPU.ActiveCfg = Release|Any CPU
		{B1120742-0666-4982-9360-55A15F01DEE2}.Release|Any CPU.Build.0 = Release|Any CPU
	EndGlobalSection
	GlobalSection(SolutionProperties) = preSolution
		HideSolutionNode = FALSE
	EndGlobalSection
	GlobalSection(ExtensibilityGlobals) = postSolution
		SolutionGuid = {78D699FF-E1C7-4137-9A3A-715203C3E059}
	EndGlobalSection
EndGlobal
